<?xml version="1.0" encoding="utf-8"?>
<Project ToolsVersion="4.0" xmlns="http://schemas.microsoft.com/developer/msbuild/2003">
  <ItemGroup>
    <Filter Include="소스 파일">
      <UniqueIdentifier>{4FC737F1-C7A5-4376-A066-2A32D752A2FF}</UniqueIdentifier>
      <Extensions>cpp;c;cc;cxx;def;odl;idl;hpj;bat;asm;asmx</Extensions>
    </Filter>
    <Filter Include="헤더 파일">
      <UniqueIdentifier>{93995380-89BD-4b04-88EB-625FBE52EBFB}</UniqueIdentifier>
      <Extensions>h;hh;hpp;hxx;hm;inl;inc;xsd</Extensions>
    </Filter>
    <Filter Include="리소스 파일">
      <UniqueIdentifier>{67DA6AB6-F800-4c08-8B7A-83BB121AAD01}</UniqueIdentifier>
      <Extensions>rc;ico;cur;bmp;dlg;rc2;rct;bin;rgs;gif;jpg;jpeg;jpe;resx;tiff;tif;png;wav;mfcribbon-ms</Extensions>
    </Filter>
  </ItemGroup>
  <ItemGroup>
    <ClCompile Include="TimeSeedRandomNum.c">
      <Filter>소스 파일</Filter>
    </ClCompile>
    <ClCompile Include="TriplePointer.c">
      <Filter>소스 파일</Filter>
    </ClCompile>
    <ClCompile Include="TwoDimArrayAddr.c">
      <Filter>소스 파일</Filter>
    </ClCompile>
    <ClCompile Include="TwoDimArrayInit.c">
      <Filter>소스 파일</Filter>
    </ClCompile>
    <ClCompile Include="TwoDimArraySize.c">
      <Filter>소스 파일</Filter>
    </ClCompile>
    <ClCompile Include="TwoPointDistance.c">
      <Filter>소스 파일</Filter>
    </ClCompile>
    <ClCompile Include="TwoStringType.c">
      <Filter>소스 파일</Filter>
    </ClCompile>
    <ClCompile Include="TwoToNine.c">
      <Filter>소스 파일</Filter>
    </ClCompile>
    <ClCompile Include="TwoToNineForVer.c">
      <Filter>소스 파일</Filter>
    </ClCompile>
    <ClCompile Include="TypeNameTypedef.c">
      <Filter>소스 파일</Filter>
    </ClCompile>
    <ClCompile Include="UnionMemAlloc.c">
      <Filter>소스 파일</Filter>
    </ClCompile>
    <ClCompile Include="UnionValAccess.c">
      <Filter>소스 파일</Filter>
    </ClCompile>
    <ClCompile Include="UnivStdNum.c">
      <Filter>소스 파일</Filter>
    </ClCompile>
    <ClCompile Include="UsefulDoWhile.c">
      <Filter>소스 파일</Filter>
    </ClCompile>
    <ClCompile Include="UsefulFunctionPointer.c">
      <Filter>소스 파일</Filter>
    </ClCompile>
    <ClCompile Include="UsefulUnionAccess.c">
      <Filter>소스 파일</Filter>
    </ClCompile>
    <ClCompile Include="UsingPG.c">
      <Filter>소스 파일</Filter>
    </ClCompile>
    <ClCompile Include="UsingPS.c">
      <Filter>소스 파일</Filter>
    </ClCompile>
    <ClCompile Include="VarDeclAndInit.c">
      <Filter>소스 파일</Filter>
    </ClCompile>
    <ClCompile Include="VoidTypePointer.c">
      <Filter>소스 파일</Filter>
    </ClCompile>
    <ClCompile Include="WhenOver5000.c">
      <Filter>소스 파일</Filter>
    </ClCompile>
    <ClCompile Include="WriteString.c">
      <Filter>소스 파일</Filter>
    </ClCompile>
    <ClCompile Include="2DArrAccessType.c">
      <Filter>소스 파일</Filter>
    </ClCompile>
    <ClCompile Include="2DArrayAddress.c">
      <Filter>소스 파일</Filter>
    </ClCompile>
    <ClCompile Include="2DArrNameAndArrPtr.c">
      <Filter>소스 파일</Filter>
    </ClCompile>
    <ClCompile Include="2DArrParam.c">
      <Filter>소스 파일</Filter>
    </ClCompile>
    <ClCompile Include="2DArrPointerOp.c">
      <Filter>소스 파일</Filter>
    </ClCompile>
    <ClCompile Include="AbsoCompare.c">
      <Filter>소스 파일</Filter>
    </ClCompile>
    <ClCompile Include="AddToNum.c">
      <Filter>소스 파일</Filter>
    </ClCompile>
    <ClCompile Include="AdvanEnglishSchool.c">
      <Filter>소스 파일</Filter>
    </ClCompile>
    <ClCompile Include="AnotherLocalVal.c">
      <Filter>소스 파일</Filter>
    </ClCompile>
    <ClCompile Include="areaArith.c">
      <Filter>소스 파일</Filter>
    </ClCompile>
    <ClCompile Include="ArgcArgv.c">
      <Filter>소스 파일</Filter>
    </ClCompile>
    <ClCompile Include="ArgvEndNULL.c">
      <Filter>소스 파일</Filter>
    </ClCompile>
    <ClCompile Include="ArgvParamType.c">
      <Filter>소스 파일</Filter>
    </ClCompile>
    <ClCompile Include="ArrayAccess.c">
      <Filter>소스 파일</Filter>
    </ClCompile>
    <ClCompile Include="ArrayInit.c">
      <Filter>소스 파일</Filter>
    </ClCompile>
    <ClCompile Include="ArrayNameIsPointer.c">
      <Filter>소스 파일</Filter>
    </ClCompile>
    <ClCompile Include="ArrayNamePointerOperation.c">
      <Filter>소스 파일</Filter>
    </ClCompile>
    <ClCompile Include="ArrayNameType.c">
      <Filter>소스 파일</Filter>
    </ClCompile>
    <ClCompile Include="ArrayParam.c">
      <Filter>소스 파일</Filter>
    </ClCompile>
    <ClCompile Include="ArrayParamAccess.c">
      <Filter>소스 파일</Filter>
    </ClCompile>
    <ClCompile Include="ArrayString.c">
      <Filter>소스 파일</Filter>
    </ClCompile>
    <ClCompile Include="ArrPtrAndPtrArr.c">
      <Filter>소스 파일</Filter>
    </ClCompile>
    <ClCompile Include="AutoConvOne.c">
      <Filter>소스 파일</Filter>
    </ClCompile>
    <ClCompile Include="basicArith.c">
      <Filter>소스 파일</Filter>
    </ClCompile>
    <ClCompile Include="BinaryFileCopy.c">
      <Filter>소스 파일</Filter>
    </ClCompile>
    <ClCompile Include="BitAndOperation.c">
      <Filter>소스 파일</Filter>
    </ClCompile>
    <ClCompile Include="BitLeftShift.c">
      <Filter>소스 파일</Filter>
    </ClCompile>
    <ClCompile Include="BitNotOperation.c">
      <Filter>소스 파일</Filter>
    </ClCompile>
    <ClCompile Include="BitOrOperation.c">
      <Filter>소스 파일</Filter>
    </ClCompile>
    <ClCompile Include="BitRightShift.c">
      <Filter>소스 파일</Filter>
    </ClCompile>
    <ClCompile Include="BitXorOperation.c">
      <Filter>소스 파일</Filter>
    </ClCompile>
    <ClCompile Include="BubbleSort.c">
      <Filter>소스 파일</Filter>
    </ClCompile>
    <ClCompile Include="CallByRefSwap.c">
      <Filter>소스 파일</Filter>
    </ClCompile>
    <ClCompile Include="CallByValueSwap.c">
      <Filter>소스 파일</Filter>
    </ClCompile>
    <ClCompile Include="CalOne.c">
      <Filter>소스 파일</Filter>
    </ClCompile>
    <ClCompile Include="CalTwo.c">
      <Filter>소스 파일</Filter>
    </ClCompile>
    <ClCompile Include="CharShortBaseAdd.c">
      <Filter>소스 파일</Filter>
    </ClCompile>
    <ClCompile Include="CircleArea.c">
      <Filter>소스 파일</Filter>
    </ClCompile>
    <ClCompile Include="CircleIncludePoint.c">
      <Filter>소스 파일</Filter>
    </ClCompile>
    <ClCompile Include="CommaOp.c">
      <Filter>소스 파일</Filter>
    </ClCompile>
    <ClCompile Include="ComplexFileRead.c">
      <Filter>소스 파일</Filter>
    </ClCompile>
    <ClCompile Include="ComplexFileWrite.c">
      <Filter>소스 파일</Filter>
    </ClCompile>
    <ClCompile Include="ConsoleEOF.c">
      <Filter>소스 파일</Filter>
    </ClCompile>
    <ClCompile Include="ConvDiv.c">
      <Filter>소스 파일</Filter>
    </ClCompile>
    <ClCompile Include="ConvStringToPrimitive.c">
      <Filter>소스 파일</Filter>
    </ClCompile>
    <ClCompile Include="counter.c">
      <Filter>소스 파일</Filter>
    </ClCompile>
    <ClCompile Include="DoublePointerAccess.c">
      <Filter>소스 파일</Filter>
    </ClCompile>
    <ClCompile Include="DynamicMemoryAllocation.c">
      <Filter>소스 파일</Filter>
    </ClCompile>
    <ClCompile Include="elif_endif.c">
      <Filter>소스 파일</Filter>
    </ClCompile>
    <ClCompile Include="else_endif.c">
      <Filter>소스 파일</Filter>
    </ClCompile>
    <ClCompile Include="EnglishSchool.c">
      <Filter>소스 파일</Filter>
    </ClCompile>
    <ClCompile Include="EnumTypeTone.c">
      <Filter>소스 파일</Filter>
    </ClCompile>
    <ClCompile Include="ExceptMul2Mul3.c">
      <Filter>소스 파일</Filter>
    </ClCompile>
    <ClCompile Include="FieldWidth.c">
      <Filter>소스 파일</Filter>
    </ClCompile>
    <ClCompile Include="FirstFileRead.c">
      <Filter>소스 파일</Filter>
    </ClCompile>
    <ClCompile Include="FirstFileWrite.c">
      <Filter>소스 파일</Filter>
    </ClCompile>
    <ClCompile Include="FloatError.c">
      <Filter>소스 파일</Filter>
    </ClCompile>
    <ClCompile Include="FormPrintf.c">
      <Filter>소스 파일</Filter>
    </ClCompile>
    <ClCompile Include="func.c">
      <Filter>소스 파일</Filter>
    </ClCompile>
    <ClCompile Include="FunctionPointer.c">
      <Filter>소스 파일</Filter>
    </ClCompile>
    <ClCompile Include="GlobalVariable.c">
      <Filter>소스 파일</Filter>
    </ClCompile>
    <ClCompile Include="GoToBasic.c">
      <Filter>소스 파일</Filter>
    </ClCompile>
    <ClCompile Include="Hello.c">
      <Filter>소스 파일</Filter>
    </ClCompile>
    <ClCompile Include="HelloComment.c">
      <Filter>소스 파일</Filter>
    </ClCompile>
    <ClCompile Include="HowChar.c">
      <Filter>소스 파일</Filter>
    </ClCompile>
    <ClCompile Include="if_endif.c">
      <Filter>소스 파일</Filter>
    </ClCompile>
    <ClCompile Include="IfBasic.c">
      <Filter>소스 파일</Filter>
    </ClCompile>
    <ClCompile Include="ifdef_endif.c">
      <Filter>소스 파일</Filter>
    </ClCompile>
    <ClCompile Include="IfElseBasic.c">
      <Filter>소스 파일</Filter>
    </ClCompile>
    <ClCompile Include="InitStructArray.c">
      <Filter>소스 파일</Filter>
    </ClCompile>
    <ClCompile Include="InitStructVal.c">
      <Filter>소스 파일</Filter>
    </ClCompile>
    <ClCompile Include="InputBufFlush.c">
      <Filter>소스 파일</Filter>
    </ClCompile>
    <ClCompile Include="intdiv.c">
      <Filter>소스 파일</Filter>
    </ClCompile>
    <ClCompile Include="intdiv2.c">
      <Filter>소스 파일</Filter>
    </ClCompile>
    <ClCompile Include="intdiv3.c">
      <Filter>소스 파일</Filter>
    </ClCompile>
    <ClCompile Include="intdiv4.c">
      <Filter>소스 파일</Filter>
    </ClCompile>
    <ClCompile Include="LiteralSize.c">
      <Filter>소스 파일</Filter>
    </ClCompile>
    <ClCompile Include="LocalValHideGlobalVal.c">
      <Filter>소스 파일</Filter>
    </ClCompile>
    <ClCompile Include="LocalValHideVal.c">
      <Filter>소스 파일</Filter>
    </ClCompile>
    <ClCompile Include="LocalVariable.c">
      <Filter>소스 파일</Filter>
    </ClCompile>
    <ClCompile Include="MacroConst.c">
      <Filter>소스 파일</Filter>
    </ClCompile>
    <ClCompile Include="MacroFunction.c">
      <Filter>소스 파일</Filter>
    </ClCompile>
    <ClCompile Include="MacroFunctionWeakness.c">
      <Filter>소스 파일</Filter>
    </ClCompile>
    <ClCompile Include="MacroOpToString.c">
      <Filter>소스 파일</Filter>
    </ClCompile>
    <ClCompile Include="MacroUseMacro.c">
      <Filter>소스 파일</Filter>
    </ClCompile>
    <ClCompile Include="main.c">
      <Filter>소스 파일</Filter>
    </ClCompile>
    <ClCompile Include="MoveFileReWrPos.c">
      <Filter>소스 파일</Filter>
    </ClCompile>
    <ClCompile Include="Mul3Mul4.c">
      <Filter>소스 파일</Filter>
    </ClCompile>
    <ClCompile Include="NeedInputBufFlush.c">
      <Filter>소스 파일</Filter>
    </ClCompile>
    <ClCompile Include="NineNineDan.c">
      <Filter>소스 파일</Filter>
    </ClCompile>
    <ClCompile Include="NineNineDanDoWhile.c">
      <Filter>소스 파일</Filter>
    </ClCompile>
    <ClCompile Include="Notation.c">
      <Filter>소스 파일</Filter>
    </ClCompile>
    <ClCompile Include="num.c">
      <Filter>소스 파일</Filter>
    </ClCompile>
    <ClCompile Include="NumCompare.c">
      <Filter>소스 파일</Filter>
    </ClCompile>
    <ClCompile Include="OctHex.c">
      <Filter>소스 파일</Filter>
    </ClCompile>
    <ClCompile Include="OperatorFive.c">
      <Filter>소스 파일</Filter>
    </ClCompile>
    <ClCompile Include="OperatorFour.c">
      <Filter>소스 파일</Filter>
    </ClCompile>
    <ClCompile Include="OperatorOne.c">
      <Filter>소스 파일</Filter>
    </ClCompile>
    <ClCompile Include="OperatorSeven.c">
      <Filter>소스 파일</Filter>
    </ClCompile>
    <ClCompile Include="OperatorSix.c">
      <Filter>소스 파일</Filter>
    </ClCompile>
    <ClCompile Include="OperatorThree.c">
      <Filter>소스 파일</Filter>
    </ClCompile>
    <ClCompile Include="OperatorTwo.c">
      <Filter>소스 파일</Filter>
    </ClCompile>
    <ClCompile Include="PointerArray.c">
      <Filter>소스 파일</Filter>
    </ClCompile>
    <ClCompile Include="PointerArrayType.c">
      <Filter>소스 파일</Filter>
    </ClCompile>
    <ClCompile Include="PointerBaseArrayAccess.c">
      <Filter>소스 파일</Filter>
    </ClCompile>
    <ClCompile Include="PointerOperation.c">
      <Filter>소스 파일</Filter>
    </ClCompile>
    <ClCompile Include="PointerOperationResult.c">
      <Filter>소스 파일</Filter>
    </ClCompile>
    <ClCompile Include="PointerSwapFail.c">
      <Filter>소스 파일</Filter>
    </ClCompile>
    <ClCompile Include="PointerSwapSuccess.c">
      <Filter>소스 파일</Filter>
    </ClCompile>
    <ClCompile Include="PointRelation.c">
      <Filter>소스 파일</Filter>
    </ClCompile>
    <ClCompile Include="PopuResarch.c">
      <Filter>소스 파일</Filter>
    </ClCompile>
    <ClCompile Include="PrintfOne.c">
      <Filter>소스 파일</Filter>
    </ClCompile>
    <ClCompile Include="PrintfOutput.c">
      <Filter>소스 파일</Filter>
    </ClCompile>
    <ClCompile Include="PrintfTwo.c">
      <Filter>소스 파일</Filter>
    </ClCompile>
    <ClCompile Include="RandomNum.c">
      <Filter>소스 파일</Filter>
    </ClCompile>
    <ClCompile Include="ReadString.c">
      <Filter>소스 파일</Filter>
    </ClCompile>
    <ClCompile Include="ReadStringFault1.c">
      <Filter>소스 파일</Filter>
    </ClCompile>
    <ClCompile Include="ReadStringFault2.c">
      <Filter>소스 파일</Filter>
    </ClCompile>
    <ClCompile Include="ReadStringRight.c">
      <Filter>소스 파일</Filter>
    </ClCompile>
    <ClCompile Include="ReadWriteChar.c">
      <Filter>소스 파일</Filter>
    </ClCompile>
    <ClCompile Include="RealMean.c">
      <Filter>소스 파일</Filter>
    </ClCompile>
    <ClCompile Include="RealNumOutput.c">
      <Filter>소스 파일</Filter>
    </ClCompile>
    <ClCompile Include="RecursiveFactorial.c">
      <Filter>소스 파일</Filter>
    </ClCompile>
    <ClCompile Include="RecursiveFunc.c">
      <Filter>소스 파일</Filter>
    </ClCompile>
    <ClCompile Include="RemoveBSN.c">
      <Filter>소스 파일</Filter>
    </ClCompile>
    <ClCompile Include="roundArith.c">
      <Filter>소스 파일</Filter>
    </ClCompile>
    <ClCompile Include="ScanfConvOne.c">
      <Filter>소스 파일</Filter>
    </ClCompile>
    <ClCompile Include="ScanfConvTwo.c">
      <Filter>소스 파일</Filter>
    </ClCompile>
    <ClCompile Include="SeedRandomNum.c">
      <Filter>소스 파일</Filter>
    </ClCompile>
    <ClCompile Include="SimpleAddFour.c">
      <Filter>소스 파일</Filter>
    </ClCompile>
    <ClCompile Include="SimpleAddFunc.c">
      <Filter>소스 파일</Filter>
    </ClCompile>
    <ClCompile Include="SimpleAddOne.c">
      <Filter>소스 파일</Filter>
    </ClCompile>
    <ClCompile Include="SimpleAddThree.c">
      <Filter>소스 파일</Filter>
    </ClCompile>
    <ClCompile Include="SimpleAddTwo.c">
      <Filter>소스 파일</Filter>
    </ClCompile>
    <ClCompile Include="SimpleOneFile.c">
      <Filter>소스 파일</Filter>
    </ClCompile>
    <ClCompile Include="SimpleWhile.c">
      <Filter>소스 파일</Filter>
    </ClCompile>
    <ClCompile Include="SizeOfOperator.c">
      <Filter>소스 파일</Filter>
    </ClCompile>
    <ClCompile Include="SmartAddFunc.c">
      <Filter>소스 파일</Filter>
    </ClCompile>
    <ClCompile Include="StartEndString.c">
      <Filter>소스 파일</Filter>
    </ClCompile>
    <ClCompile Include="StaticLocalVariable.c">
      <Filter>소스 파일</Filter>
    </ClCompile>
    <ClCompile Include="StringArray.c">
      <Filter>소스 파일</Filter>
    </ClCompile>
    <ClCompile Include="StringCompCase.c">
      <Filter>소스 파일</Filter>
    </ClCompile>
    <ClCompile Include="StringConcatCase.c">
      <Filter>소스 파일</Filter>
    </ClCompile>
    <ClCompile Include="StringCopyCase.c">
      <Filter>소스 파일</Filter>
    </ClCompile>
    <ClCompile Include="StringPrintf.c">
      <Filter>소스 파일</Filter>
    </ClCompile>
    <ClCompile Include="StructAddMin.c">
      <Filter>소스 파일</Filter>
    </ClCompile>
    <ClCompile Include="StructArray.c">
      <Filter>소스 파일</Filter>
    </ClCompile>
    <ClCompile Include="StructFileWriteRead.c">
      <Filter>소스 파일</Filter>
    </ClCompile>
    <ClCompile Include="StructFunctionCallByRef.c">
      <Filter>소스 파일</Filter>
    </ClCompile>
    <ClCompile Include="StructImportant.c">
      <Filter>소스 파일</Filter>
    </ClCompile>
    <ClCompile Include="StructMemArrCopy.c">
      <Filter>소스 파일</Filter>
    </ClCompile>
    <ClCompile Include="StructOperation.c">
      <Filter>소스 파일</Filter>
    </ClCompile>
    <ClCompile Include="StructPointer.c">
      <Filter>소스 파일</Filter>
    </ClCompile>
    <ClCompile Include="StructPointerMem.c">
      <Filter>소스 파일</Filter>
    </ClCompile>
    <ClCompile Include="StructTypedef.c">
      <Filter>소스 파일</Filter>
    </ClCompile>
    <ClCompile Include="StructValAddress.c">
      <Filter>소스 파일</Filter>
    </ClCompile>
    <ClCompile Include="StructValAndFunction.c">
      <Filter>소스 파일</Filter>
    </ClCompile>
    <ClCompile Include="TelephoneInfo.c">
      <Filter>소스 파일</Filter>
    </ClCompile>
    <ClCompile Include="TellFileReWrPos.c">
      <Filter>소스 파일</Filter>
    </ClCompile>
    <ClCompile Include="TextCharFileCopy.c">
      <Filter>소스 파일</Filter>
    </ClCompile>
    <ClCompile Include="TextDataFileRead.c">
      <Filter>소스 파일</Filter>
    </ClCompile>
    <ClCompile Include="TextDataFileWrite.c">
      <Filter>소스 파일</Filter>
    </ClCompile>
    <ClCompile Include="TextStringFileCopy.c">
      <Filter>소스 파일</Filter>
    </ClCompile>
    <ClCompile Include="ThreeDimArrayAccess.c">
      <Filter>소스 파일</Filter>
    </ClCompile>
    <ClCompile Include="ThreeDimArraySize.c">
      <Filter>소스 파일</Filter>
    </ClCompile>
    <ClCompile Include="ThreeOperand.c">
      <Filter>소스 파일</Filter>
    </ClCompile>
  </ItemGroup>
  <ItemGroup>
    <ClInclude Include="areaArith.h">
      <Filter>소스 파일</Filter>
    </ClInclude>
    <ClInclude Include="basicArith.h">
      <Filter>소스 파일</Filter>
    </ClInclude>
    <ClInclude Include="header1.h">
      <Filter>소스 파일</Filter>
    </ClInclude>
    <ClInclude Include="header2.h">
      <Filter>소스 파일</Filter>
    </ClInclude>
    <ClInclude Include="intdiv3.h">
      <Filter>소스 파일</Filter>
    </ClInclude>
    <ClInclude Include="intdiv4.h">
      <Filter>소스 파일</Filter>
    </ClInclude>
    <ClInclude Include="roundArith.h">
      <Filter>소스 파일</Filter>
    </ClInclude>
    <ClInclude Include="stdiv.h">
      <Filter>소스 파일</Filter>
    </ClInclude>
    <ClInclude Include="stdiv2.h">
      <Filter>소스 파일</Filter>
    </ClInclude>
  </ItemGroup>
</Project>